{
  "name": "rails",
  "lockfileVersion": 3,
  "requires": true,
  "packages": {
    "": {
      "dependencies": {
        "simple-elements": "github:DirkDoes/simple-elements#v0.13.3"
      }
    },
    "node_modules/lucide": {
      "version": "1.45.0",
      "resolved": "https://registry.npmjs.org/lucide/-/lucide-1.45.0.tgz",
      "integrity": "sha512-Paze7TONAGAOSwg2qh2GXY0zkNY6p4+E6BTthwyY6LpVQnqcpV73jtY9UtAZeMfDiZpevZhKINpLu4WeahOXyw==",
      "license": "ISC"
    },
    "node_modules/simple-elements": {
      "version": "0.13.3",
      "resolved": "git+ssh://git@github.com/DirkDoes/simple-elements.git#ee858a3c4aac39fa268222feadde8ab850a6b3d2",
      "license": "MIT",
      "dependencies": {
        "lucide": "^1.41.0"
      }
    }
  }
}
